
Microsoft Visual Studio Solution File, Format Version 12.00
# Visual Studio 2012
Project("{FAE04EC0-301F-11D3-BF4B-00C04F79EFBC}") = "AlstomVideo", "AlstomVideo\AlstomVideo.csproj", "{38572C88-7079-4C05-9C9B-B10615CEA215}"
EndProject
Global
	GlobalSection(SolutionConfigurationPlatforms) = preSolution
		Debug|Any CPU = Debug|Any CPU
		Release|Any CPU = Release|Any CPU
	EndGlobalSection
	GlobalSection(ProjectConfigurationPlatforms) = postSolution
		{38572C88-7079-4C05-9C9B-B10615CEA215}.Debug|Any CPU.ActiveCfg = Debug|Any CPU
		{38572C88-7079-4C05-9C9B-B10615CEA215}.Debug|Any CPU.Build.0 = Debug|Any CPU
		{38572C88-7079-4C05-9C9B-B10615CEA215}.Release|Any CPU.ActiveCfg = Release|Any CPU
		{38572C88-7079-4C05-9C9B-B10615CEA215}.Release|Any CPU.Build.0 = Release|Any CPU
	EndGlobalSection
	GlobalSection(SolutionProperties) = preSolution
		HideSolutionNode = FALSE
	EndGlobalSection
EndGlobal
